{
    "name": "photo_compressor",
    "version": "1.0",
    "lockfileVersion": 3,
    "requires": true,
    "packages": {
        "": {
            "name": "photo_compressor",
            "version": "1.0",
            "license": "ISC",
            "dependencies": {
                "image-resize-compress": "^2.1.1"
            }
        },
        "node_modules/image-resize-compress": {
            "version": "2.1.1",
            "resolved": "https://registry.npmjs.org/image-resize-compress/-/image-resize-compress-2.1.1.tgz",
            "integrity": "sha512-aF4O1ZzAM0wDziIQZdqlxvDBe163J1Kiu+hSXbYNaGDcD4ggqAgRLLtRmpspnpJPHa4PkhVjwOshzBMHbOWESQ==",
            "license": "MIT",
            "engines": {
                "node": ">=14.0.0"
            }
        }
    }
}
